<?xml version="1.0" encoding="utf-8"?>
<Project ToolsVersion="4.0" xmlns="http://schemas.microsoft.com/developer/msbuild/2003">
  <ItemGroup>
    <Filter Include="Source Files">
      <UniqueIdentifier>{4FC737F1-C7A5-4376-A066-2A32D752A2FF}</UniqueIdentifier>
      <Extensions>cpp;c;cc;cxx;def;odl;idl;hpj;bat;asm;asmx</Extensions>
    </Filter>
    <Filter Include="Header Files">
      <UniqueIdentifier>{93995380-89BD-4b04-88EB-625FBE52EBFB}</UniqueIdentifier>
      <Extensions>h;hpp;hxx;hm;inl;inc;xsd</Extensions>
    </Filter>
    <Filter Include="Resource Files">
      <UniqueIdentifier>{67DA6AB6-F800-4c08-8B7A-83BB121AAD01}</UniqueIdentifier>
      <Extensions>rc;ico;cur;bmp;dlg;rc2;rct;bin;rgs;gif;jpg;jpeg;jpe;resx;tiff;tif;png;wav;mfcribbon-ms</Extensions>
    </Filter>
    <Filter Include="Resource Files\Shaders">
      <UniqueIdentifier>{376f4dfe-0b7e-4a1a-834b-103ab317c2af}</UniqueIdentifier>
    </Filter>
    <Filter Include="Resource Files\Graphics">
      <UniqueIdentifier>{1e4191d6-8a88-4d77-8d5f-fcc2503b0a0f}</UniqueIdentifier>
    </Filter>
    <Filter Include="Header Files\OpenGL Objects">
      <UniqueIdentifier>{0d7985c3-1725-4737-b21a-709e71336599}</UniqueIdentifier>
    </Filter>
    <Filter Include="Header Files\Misc">
      <UniqueIdentifier>{d6e15206-4237-4394-9fd1-6da932958f04}</UniqueIdentifier>
    </Filter>
    <Filter Include="Header Files\Engine Objects">
      <UniqueIdentifier>{96a876cb-5b82-47a7-bc0f-6165c3a8904f}</UniqueIdentifier>
    </Filter>
    <Filter Include="Source Files\OpenGL Objects">
      <UniqueIdentifier>{74f0db47-61aa-4c34-8bcf-c33b45e7d5f4}</UniqueIdentifier>
    </Filter>
    <Filter Include="Source Files\Engine Objects">
      <UniqueIdentifier>{cabc9358-559a-4079-9d49-05ec2b336462}</UniqueIdentifier>
    </Filter>
    <Filter Include="Source Files\Misc">
      <UniqueIdentifier>{072cd03d-6af8-4573-ada9-ebff9fe24e13}</UniqueIdentifier>
    </Filter>
  </ItemGroup>
  <ItemGroup>
    <ClInclude Include="include\Texture.h">
      <Filter>Header Files\OpenGL Objects</Filter>
    </ClInclude>
    <ClInclude Include="include\Shader.h">
      <Filter>Header Files\OpenGL Objects</Filter>
    </ClInclude>
    <ClInclude Include="include\ShaderProgram.h">
      <Filter>Header Files\OpenGL Objects</Filter>
    </ClInclude>
    <ClInclude Include="include\AccessorTemplate.h">
      <Filter>Header Files\Misc</Filter>
    </ClInclude>
    <ClInclude Include="include\GLLOG.h">
      <Filter>Header Files\Misc</Filter>
    </ClInclude>
    <ClInclude Include="include\JustinTxtReader.h">
      <Filter>Header Files\Misc</Filter>
    </ClInclude>
    <ClInclude Include="include\Misc.h">
      <Filter>Header Files\Misc</Filter>
    </ClInclude>
    <ClInclude Include="include\Player.h">
      <Filter>Header Files\Engine Objects</Filter>
    </ClInclude>
    <ClInclude Include="include\Quad.h">
      <Filter>Header Files\Engine Objects</Filter>
    </ClInclude>
    <ClInclude Include="include\Sprite.h">
      <Filter>Header Files\Engine Objects</Filter>
    </ClInclude>
    <ClInclude Include="include\Text.h">
      <Filter>Header Files\Engine Objects</Filter>
    </ClInclude>
  </ItemGroup>
  <ItemGroup>
    <ClCompile Include="source\main.cpp">
      <Filter>Source Files</Filter>
    </ClCompile>
    <ClCompile Include="source\Misc.cpp">
      <Filter>Source Files\Misc</Filter>
    </ClCompile>
    <ClCompile Include="source\Player.cpp">
      <Filter>Source Files\Engine Objects</Filter>
    </ClCompile>
    <ClCompile Include="source\Quad.cpp">
      <Filter>Source Files\Engine Objects</Filter>
    </ClCompile>
    <ClCompile Include="source\Shader.cpp">
      <Filter>Source Files\OpenGL Objects</Filter>
    </ClCompile>
    <ClCompile Include="source\ShaderProgram.cpp">
      <Filter>Source Files\OpenGL Objects</Filter>
    </ClCompile>
    <ClCompile Include="source\Text.cpp">
      <Filter>Source Files\Engine Objects</Filter>
    </ClCompile>
    <ClCompile Include="source\Texture.cpp">
      <Filter>Source Files\OpenGL Objects</Filter>
    </ClCompile>
    <ClCompile Include="source\Sprite.cpp">
      <Filter>Source Files\Engine Objects</Filter>
    </ClCompile>
  </ItemGroup>
  <ItemGroup>
    <None Include="resources\graphics\particle.bmp">
      <Filter>Resource Files\Graphics</Filter>
    </None>
    <None Include="resources\graphics\test.bmp">
      <Filter>Resource Files\Graphics</Filter>
    </None>
    <None Include="resources\graphics\test2.bmp">
      <Filter>Resource Files\Graphics</Filter>
    </None>
    <None Include="resources\shaders\basic.frag">
      <Filter>Resource Files\Shaders</Filter>
    </None>
    <None Include="resources\shaders\basic.vert">
      <Filter>Resource Files\Shaders</Filter>
    </None>
    <None Include="resources\graphics\ZeroSpriteSheet.png">
      <Filter>Resource Files\Graphics</Filter>
    </None>
    <None Include="resources\shaders\text.vert">
      <Filter>Resource Files\Shaders</Filter>
    </None>
    <None Include="resources\shaders\text.frag">
      <Filter>Resource Files\Shaders</Filter>
    </None>
    <None Include="resources\graphics\Holstein.png">
      <Filter>Resource Files\Graphics</Filter>
    </None>
    <None Include="resources\graphics\Holstein2.png">
      <Filter>Resource Files\Graphics</Filter>
    </None>
  </ItemGroup>
</Project>